
Microsoft Visual Studio Solution File, Format Version 12.00
# Visual Studio 15
VisualStudioVersion = 15.0.26228.10
MinimumVisualStudioVersion = 10.0.40219.1
Project("{FAE04EC0-301F-11D3-BF4B-00C04F79EFBC}") = "ConsoleApp1", "ConsoleApp1\ConsoleApp1.csproj", "{3B6CE043-9CE9-4B55-980D-91A987468932}"
EndProject
Project("{FAE04EC0-301F-11D3-BF4B-00C04F79EFBC}") = "ConsoleApp3", "ConsoleApp3\ConsoleApp3.csproj", "{F73A69F0-E53D-4260-A96B-0CDFA9863B17}"
EndProject
Project("{FAE04EC0-301F-11D3-BF4B-00C04F79EFBC}") = "ConsoleApp4", "ConsoleApp4\ConsoleApp4.csproj", "{1DBE2A2C-7FDF-4E7F-AC2D-B5AACD09085C}"
EndProject
Global
	GlobalSection(SolutionConfigurationPlatforms) = preSolution
		Debug|Any CPU = Debug|Any CPU
		Release|Any CPU = Release|Any CPU
	EndGlobalSection
	GlobalSection(ProjectConfigurationPlatforms) = postSolution
		{3B6CE043-9CE9-4B55-980D-91A987468932}.Debug|Any CPU.ActiveCfg = Debug|Any CPU
		{3B6CE043-9CE9-4B55-980D-91A987468932}.Debug|Any CPU.Build.0 = Debug|Any CPU
		{3B6CE043-9CE9-4B55-980D-91A987468932}.Release|Any CPU.ActiveCfg = Release|Any CPU
		{3B6CE043-9CE9-4B55-980D-91A987468932}.Release|Any CPU.Build.0 = Release|Any CPU
		{F73A69F0-E53D-4260-A96B-0CDFA9863B17}.Debug|Any CPU.ActiveCfg = Debug|Any CPU
		{F73A69F0-E53D-4260-A96B-0CDFA9863B17}.Debug|Any CPU.Build.0 = Debug|Any CPU
		{F73A69F0-E53D-4260-A96B-0CDFA9863B17}.Release|Any CPU.ActiveCfg = Release|Any CPU
		{F73A69F0-E53D-4260-A96B-0CDFA9863B17}.Release|Any CPU.Build.0 = Release|Any CPU
		{1DBE2A2C-7FDF-4E7F-AC2D-B5AACD09085C}.Debug|Any CPU.ActiveCfg = Debug|Any CPU
		{1DBE2A2C-7FDF-4E7F-AC2D-B5AACD09085C}.Debug|Any CPU.Build.0 = Debug|Any CPU
		{1DBE2A2C-7FDF-4E7F-AC2D-B5AACD09085C}.Release|Any CPU.ActiveCfg = Release|Any CPU
		{1DBE2A2C-7FDF-4E7F-AC2D-B5AACD09085C}.Release|Any CPU.Build.0 = Release|Any CPU
	EndGlobalSection
	GlobalSection(SolutionProperties) = preSolution
		HideSolutionNode = FALSE
	EndGlobalSection
EndGlobal
